
Microsoft Visual Studio Solution File, Format Version 12.00
# Visual Studio Version 16
VisualStudioVersion = 16.0.30503.244
MinimumVisualStudioVersion = 10.0.40219.1
Project("{FAE04EC0-301F-11D3-BF4B-00C04F79EFBC}") = "Homework2", "Homework2\Homework2.csproj", "{A37FA25E-0A0B-4DAA-8AF0-958F44A0B691}"
EndProject
Global
	GlobalSection(SolutionConfigurationPlatforms) = preSolution
		Debug|Any CPU = Debug|Any CPU
		Release|Any CPU = Release|Any CPU
	EndGlobalSection
	GlobalSection(ProjectConfigurationPlatforms) = postSolution
		{A37FA25E-0A0B-4DAA-8AF0-958F44A0B691}.Debug|Any CPU.ActiveCfg = Debug|Any CPU
		{A37FA25E-0A0B-4DAA-8AF0-958F44A0B691}.Debug|Any CPU.Build.0 = Debug|Any CPU
		{A37FA25E-0A0B-4DAA-8AF0-958F44A0B691}.Release|Any CPU.ActiveCfg = Release|Any CPU
		{A37FA25E-0A0B-4DAA-8AF0-958F44A0B691}.Release|Any CPU.Build.0 = Release|Any CPU
	EndGlobalSection
	GlobalSection(SolutionProperties) = preSolution
		HideSolutionNode = FALSE
	EndGlobalSection
	GlobalSection(ExtensibilityGlobals) = postSolution
		SolutionGuid = {94730088-45B1-4E2B-A7D7-00EBA890F218}
	EndGlobalSection
EndGlobal
